// !$*UTF8*$!
{
	archiveVersion = 1;
	classes = {
	};
	objectVersion = 51;
	objects = {

/* Begin PBXBuildFile section */
		03A2438AB0AE9B6DE91CC417 /* Pods_Laperrr_LaperrrUITests.framework in Frameworks */ = {isa = PBXBuildFile; fileRef = A1269DDD0B9F0AB3A7F20F10 /* Pods_Laperrr_LaperrrUITests.framework */; };
		12767CAD73ABA6895ED6D02C /* Pods_Laperrr.framework in Frameworks */ = {isa = PBXBuildFile; fileRef = 2893E0DB9C53481A2FF791F3 /* Pods_Laperrr.framework */; };
		A160610725F1FBFD00345625 /* ProfileViewController.swift in Sources */ = {isa = PBXBuildFile; fileRef = A160610525F1FBFD00345625 /* ProfileViewController.swift */; };
		A160610825F1FBFD00345625 /* ProfileViewController.xib in Resources */ = {isa = PBXBuildFile; fileRef = A160610625F1FBFD00345625 /* ProfileViewController.xib */; };
		A160611425F23FB800345625 /* ExperienceItemView.swift in Sources */ = {isa = PBXBuildFile; fileRef = A160611325F23FB800345625 /* ExperienceItemView.swift */; };
		A160611925F23FC700345625 /* ExperienceItemView.xib in Resources */ = {isa = PBXBuildFile; fileRef = A160611825F23FC700345625 /* ExperienceItemView.xib */; };
		A160611E25F2457000345625 /* UIStackView+Extension.swift in Sources */ = {isa = PBXBuildFile; fileRef = A160611D25F2457000345625 /* UIStackView+Extension.swift */; };
		A160612525F2462A00345625 /* ProfileViewModel.swift in Sources */ = {isa = PBXBuildFile; fileRef = A160612425F2462A00345625 /* ProfileViewModel.swift */; };
		A160612C25F246F700345625 /* Profile.swift in Sources */ = {isa = PBXBuildFile; fileRef = A160612B25F246F700345625 /* Profile.swift */; };
		A160614125F28CA200345625 /* SkillItemView.swift in Sources */ = {isa = PBXBuildFile; fileRef = A160614025F28CA200345625 /* SkillItemView.swift */; };
		A160614625F28CB400345625 /* SkillItemView.xib in Resources */ = {isa = PBXBuildFile; fileRef = A160614525F28CB400345625 /* SkillItemView.xib */; };
		A16061B725F292BC00345625 /* FoodListNavigator.swift in Sources */ = {isa = PBXBuildFile; fileRef = A16061B625F292BC00345625 /* FoodListNavigator.swift */; };
		A16061D825F294AF00345625 /* FoodDetailViewController.swift in Sources */ = {isa = PBXBuildFile; fileRef = A16061D625F294AF00345625 /* FoodDetailViewController.swift */; };
		A16061D925F294AF00345625 /* FoodDetailViewController.xib in Resources */ = {isa = PBXBuildFile; fileRef = A16061D725F294AF00345625 /* FoodDetailViewController.xib */; };
		A160621925F29B2400345625 /* UIApplication+Extension.swift in Sources */ = {isa = PBXBuildFile; fileRef = A160621825F29B2400345625 /* UIApplication+Extension.swift */; };
		A195685825F12540004EB1C9 /* UIView+Extension.swift in Sources */ = {isa = PBXBuildFile; fileRef = A195685725F12540004EB1C9 /* UIView+Extension.swift */; };
		A195687C25F12985004EB1C9 /* HomeTabBarViewControllerList.swift in Sources */ = {isa = PBXBuildFile; fileRef = A195687B25F12985004EB1C9 /* HomeTabBarViewControllerList.swift */; };
		A1DA353525F0CF3600D3917D /* AppDelegate.swift in Sources */ = {isa = PBXBuildFile; fileRef = A1DA353425F0CF3600D3917D /* AppDelegate.swift */; };
		A1DA353725F0CF3600D3917D /* SceneDelegate.swift in Sources */ = {isa = PBXBuildFile; fileRef = A1DA353625F0CF3600D3917D /* SceneDelegate.swift */; };
		A1DA353F25F0CF3600D3917D /* Laperrr.xcdatamodeld in Sources */ = {isa = PBXBuildFile; fileRef = A1DA353D25F0CF3600D3917D /* Laperrr.xcdatamodeld */; };
		A1DA354125F0CF3700D3917D /* Assets.xcassets in Resources */ = {isa = PBXBuildFile; fileRef = A1DA354025F0CF3700D3917D /* Assets.xcassets */; };
		A1DA354425F0CF3700D3917D /* LaunchScreen.storyboard in Resources */ = {isa = PBXBuildFile; fileRef = A1DA354225F0CF3700D3917D /* LaunchScreen.storyboard */; };
		A1DA354F25F0CF3800D3917D /* LaperrrTests.swift in Sources */ = {isa = PBXBuildFile; fileRef = A1DA354E25F0CF3800D3917D /* LaperrrTests.swift */; };
		A1DA355A25F0CF3800D3917D /* LaperrrUITests.swift in Sources */ = {isa = PBXBuildFile; fileRef = A1DA355925F0CF3800D3917D /* LaperrrUITests.swift */; };
		A1DA358025F0D31F00D3917D /* HomeTabBarViewController.swift in Sources */ = {isa = PBXBuildFile; fileRef = A1DA357F25F0D31F00D3917D /* HomeTabBarViewController.swift */; };
		A1DA371725F11E1B00D3917D /* FoodListViewController.swift in Sources */ = {isa = PBXBuildFile; fileRef = A1DA371525F11E1B00D3917D /* FoodListViewController.swift */; };
		A1DA371825F11E1B00D3917D /* FoodListViewController.xib in Resources */ = {isa = PBXBuildFile; fileRef = A1DA371625F11E1B00D3917D /* FoodListViewController.xib */; };
		A1DA372725F11ED300D3917D /* CategoriesViewController.swift in Sources */ = {isa = PBXBuildFile; fileRef = A1DA372525F11ED300D3917D /* CategoriesViewController.swift */; };
		A1DA372825F11ED300D3917D /* CategoriesViewController.xib in Resources */ = {isa = PBXBuildFile; fileRef = A1DA372625F11ED300D3917D /* CategoriesViewController.xib */; };
		A1DA373025F11F4800D3917D /* HomeTabBarViewModel.swift in Sources */ = {isa = PBXBuildFile; fileRef = A1DA372F25F11F4800D3917D /* HomeTabBarViewModel.swift */; };
		A1DA373625F11F6B00D3917D /* ViewModelProtocol.swift in Sources */ = {isa = PBXBuildFile; fileRef = A1DA373525F11F6B00D3917D /* ViewModelProtocol.swift */; };
		A1DC995525F141F000DD0D1C /* FoodTableViewCell.swift in Sources */ = {isa = PBXBuildFile; fileRef = A1DC995325F141F000DD0D1C /* FoodTableViewCell.swift */; };
		A1DC995625F141F000DD0D1C /* FoodTableViewCell.xib in Resources */ = {isa = PBXBuildFile; fileRef = A1DC995425F141F000DD0D1C /* FoodTableViewCell.xib */; };
		A1DC995E25F143B700DD0D1C /* FoodListResponseWrapper.swift in Sources */ = {isa = PBXBuildFile; fileRef = A1DC995D25F143B700DD0D1C /* FoodListResponseWrapper.swift */; };
		A1DC996325F1451000DD0D1C /* FoodListNetworkProvider.swift in Sources */ = {isa = PBXBuildFile; fileRef = A1DC996225F1451000DD0D1C /* FoodListNetworkProvider.swift */; };
		A1DC996825F1461400DD0D1C /* FoodListTarget.swift in Sources */ = {isa = PBXBuildFile; fileRef = A1DC996725F1461400DD0D1C /* FoodListTarget.swift */; };
		A1DC996D25F147AF00DD0D1C /* FoodListViewModel.swift in Sources */ = {isa = PBXBuildFile; fileRef = A1DC996C25F147AF00DD0D1C /* FoodListViewModel.swift */; };
		A1DC997325F1495E00DD0D1C /* ActivityIndicator.swift in Sources */ = {isa = PBXBuildFile; fileRef = A1DC997225F1495E00DD0D1C /* ActivityIndicator.swift */; };
		A1DC997825F1496300DD0D1C /* ErrorTracker.swift in Sources */ = {isa = PBXBuildFile; fileRef = A1DC997725F1496300DD0D1C /* ErrorTracker.swift */; };
		A1DC997D25F14AF900DD0D1C /* ObservableType+Extension.swift in Sources */ = {isa = PBXBuildFile; fileRef = A1DC997C25F14AF900DD0D1C /* ObservableType+Extension.swift */; };
		A1E949C525F4A5EB009B9D0F /* FoodCategoriesResponseWrapper.swift in Sources */ = {isa = PBXBuildFile; fileRef = A1E949C425F4A5EB009B9D0F /* FoodCategoriesResponseWrapper.swift */; };
		A1E949CA25F4A6E0009B9D0F /* CategoriesNetworkProvider.swift in Sources */ = {isa = PBXBuildFile; fileRef = A1E949C925F4A6E0009B9D0F /* CategoriesNetworkProvider.swift */; };
		A1E949CF25F4A75E009B9D0F /* CategoryTarget.swift in Sources */ = {isa = PBXBuildFile; fileRef = A1E949CE25F4A75E009B9D0F /* CategoryTarget.swift */; };
		A1F95F6A25F4A947003F5F06 /* CategoriesViewModel.swift in Sources */ = {isa = PBXBuildFile; fileRef = A1F95F6925F4A947003F5F06 /* CategoriesViewModel.swift */; };
		A1F95F7125F4AB2C003F5F06 /* CategoriesTableViewCell.swift in Sources */ = {isa = PBXBuildFile; fileRef = A1F95F6F25F4AB2C003F5F06 /* CategoriesTableViewCell.swift */; };
		A1F95F7225F4AB2C003F5F06 /* CategoriesTableViewCell.xib in Resources */ = {isa = PBXBuildFile; fileRef = A1F95F7025F4AB2C003F5F06 /* CategoriesTableViewCell.xib */; };
		A1F95F7925F4ACE5003F5F06 /* CategoriesCollectionViewCell.swift in Sources */ = {isa = PBXBuildFile; fileRef = A1F95F7725F4ACE5003F5F06 /* CategoriesCollectionViewCell.swift */; };
		A1F95F7A25F4ACE5003F5F06 /* CategoriesCollectionViewCell.xib in Resources */ = {isa = PBXBuildFile; fileRef = A1F95F7825F4ACE5003F5F06 /* CategoriesCollectionViewCell.xib */; };
		A1F95F8225F4B0D0003F5F06 /* CategoriesCollectionViewModel.swift in Sources */ = {isa = PBXBuildFile; fileRef = A1F95F8125F4B0D0003F5F06 /* CategoriesCollectionViewModel.swift */; };
		D0EE62962E65A3AF584BA19A /* Pods_LaperrrTests.framework in Frameworks */ = {isa = PBXBuildFile; fileRef = 959378AD9157508843019A8A /* Pods_LaperrrTests.framework */; };
/* End PBXBuildFile section */

/* Begin PBXContainerItemProxy section */
		A1DA354B25F0CF3800D3917D /* PBXContainerItemProxy */ = {
			isa = PBXContainerItemProxy;
			containerPortal = A1DA352925F0CF3600D3917D /* Project object */;
			proxyType = 1;
			remoteGlobalIDString = A1DA353025F0CF3600D3917D;
			remoteInfo = Laperrr;
		};
		A1DA355625F0CF3800D3917D /* PBXContainerItemProxy */ = {
			isa = PBXContainerItemProxy;
			containerPortal = A1DA352925F0CF3600D3917D /* Project object */;
			proxyType = 1;
			remoteGlobalIDString = A1DA353025F0CF3600D3917D;
			remoteInfo = Laperrr;
		};
/* End PBXContainerItemProxy section */

/* Begin PBXFileReference section */
		1D23802D704763FF08D7D47E /* Pods-Laperrr-LaperrrUITests.release.xcconfig */ = {isa = PBXFileReference; includeInIndex = 1; lastKnownFileType = text.xcconfig; name = "Pods-Laperrr-LaperrrUITests.release.xcconfig"; path = "Target Support Files/Pods-Laperrr-LaperrrUITests/Pods-Laperrr-LaperrrUITests.release.xcconfig"; sourceTree = "<group>"; };
		23CC1AB0F6093E65D6623B62 /* Pods-LaperrrTests.release.xcconfig */ = {isa = PBXFileReference; includeInIndex = 1; lastKnownFileType = text.xcconfig; name = "Pods-LaperrrTests.release.xcconfig"; path = "Target Support Files/Pods-LaperrrTests/Pods-LaperrrTests.release.xcconfig"; sourceTree = "<group>"; };
		2893E0DB9C53481A2FF791F3 /* Pods_Laperrr.framework */ = {isa = PBXFileReference; explicitFileType = wrapper.framework; includeInIndex = 0; path = Pods_Laperrr.framework; sourceTree = BUILT_PRODUCTS_DIR; };
		89A4DA4A38ADF19F87940093 /* Pods-Laperrr.debug.xcconfig */ = {isa = PBXFileReference; includeInIndex = 1; lastKnownFileType = text.xcconfig; name = "Pods-Laperrr.debug.xcconfig"; path = "Target Support Files/Pods-Laperrr/Pods-Laperrr.debug.xcconfig"; sourceTree = "<group>"; };
		959378AD9157508843019A8A /* Pods_LaperrrTests.framework */ = {isa = PBXFileReference; explicitFileType = wrapper.framework; includeInIndex = 0; path = Pods_LaperrrTests.framework; sourceTree = BUILT_PRODUCTS_DIR; };
		A1269DDD0B9F0AB3A7F20F10 /* Pods_Laperrr_LaperrrUITests.framework */ = {isa = PBXFileReference; explicitFileType = wrapper.framework; includeInIndex = 0; path = Pods_Laperrr_LaperrrUITests.framework; sourceTree = BUILT_PRODUCTS_DIR; };
		A160610525F1FBFD00345625 /* ProfileViewController.swift */ = {isa = PBXFileReference; lastKnownFileType = sourcecode.swift; path = ProfileViewController.swift; sourceTree = "<group>"; };
		A160610625F1FBFD00345625 /* ProfileViewController.xib */ = {isa = PBXFileReference; lastKnownFileType = file.xib; path = ProfileViewController.xib; sourceTree = "<group>"; };
		A160611325F23FB800345625 /* ExperienceItemView.swift */ = {isa = PBXFileReference; lastKnownFileType = sourcecode.swift; path = ExperienceItemView.swift; sourceTree = "<group>"; };
		A160611825F23FC700345625 /* ExperienceItemView.xib */ = {isa = PBXFileReference; lastKnownFileType = file.xib; path = ExperienceItemView.xib; sourceTree = "<group>"; };
		A160611D25F2457000345625 /* UIStackView+Extension.swift */ = {isa = PBXFileReference; lastKnownFileType = sourcecode.swift; path = "UIStackView+Extension.swift"; sourceTree = "<group>"; };
		A160612425F2462A00345625 /* ProfileViewModel.swift */ = {isa = PBXFileReference; lastKnownFileType = sourcecode.swift; path = ProfileViewModel.swift; sourceTree = "<group>"; };
		A160612B25F246F700345625 /* Profile.swift */ = {isa = PBXFileReference; lastKnownFileType = sourcecode.swift; path = Profile.swift; sourceTree = "<group>"; };
		A160614025F28CA200345625 /* SkillItemView.swift */ = {isa = PBXFileReference; lastKnownFileType = sourcecode.swift; path = SkillItemView.swift; sourceTree = "<group>"; };
		A160614525F28CB400345625 /* SkillItemView.xib */ = {isa = PBXFileReference; lastKnownFileType = file.xib; path = SkillItemView.xib; sourceTree = "<group>"; };
		A16061B625F292BC00345625 /* FoodListNavigator.swift */ = {isa = PBXFileReference; lastKnownFileType = sourcecode.swift; path = FoodListNavigator.swift; sourceTree = "<group>"; };
		A16061D625F294AF00345625 /* FoodDetailViewController.swift */ = {isa = PBXFileReference; lastKnownFileType = sourcecode.swift; path = FoodDetailViewController.swift; sourceTree = "<group>"; };
		A16061D725F294AF00345625 /* FoodDetailViewController.xib */ = {isa = PBXFileReference; lastKnownFileType = file.xib; path = FoodDetailViewController.xib; sourceTree = "<group>"; };
		A160621825F29B2400345625 /* UIApplication+Extension.swift */ = {isa = PBXFileReference; lastKnownFileType = sourcecode.swift; path = "UIApplication+Extension.swift"; sourceTree = "<group>"; };
		A195685725F12540004EB1C9 /* UIView+Extension.swift */ = {isa = PBXFileReference; lastKnownFileType = sourcecode.swift; path = "UIView+Extension.swift"; sourceTree = "<group>"; };
		A195687B25F12985004EB1C9 /* HomeTabBarViewControllerList.swift */ = {isa = PBXFileReference; lastKnownFileType = sourcecode.swift; path = HomeTabBarViewControllerList.swift; sourceTree = "<group>"; };
		A1DA353125F0CF3600D3917D /* Laperrr.app */ = {isa = PBXFileReference; explicitFileType = wrapper.application; includeInIndex = 0; path = Laperrr.app; sourceTree = BUILT_PRODUCTS_DIR; };
		A1DA353425F0CF3600D3917D /* AppDelegate.swift */ = {isa = PBXFileReference; lastKnownFileType = sourcecode.swift; path = AppDelegate.swift; sourceTree = "<group>"; };
		A1DA353625F0CF3600D3917D /* SceneDelegate.swift */ = {isa = PBXFileReference; lastKnownFileType = sourcecode.swift; path = SceneDelegate.swift; sourceTree = "<group>"; };
		A1DA353E25F0CF3600D3917D /* Laperrr.xcdatamodel */ = {isa = PBXFileReference; lastKnownFileType = wrapper.xcdatamodel; path = Laperrr.xcdatamodel; sourceTree = "<group>"; };
		A1DA354025F0CF3700D3917D /* Assets.xcassets */ = {isa = PBXFileReference; lastKnownFileType = folder.assetcatalog; path = Assets.xcassets; sourceTree = "<group>"; };
		A1DA354325F0CF3700D3917D /* Base */ = {isa = PBXFileReference; lastKnownFileType = file.storyboard; name = Base; path = Base.lproj/LaunchScreen.storyboard; sourceTree = "<group>"; };
		A1DA354525F0CF3700D3917D /* Info.plist */ = {isa = PBXFileReference; lastKnownFileType = text.plist.xml; path = Info.plist; sourceTree = "<group>"; };
		A1DA354A25F0CF3800D3917D /* LaperrrTests.xctest */ = {isa = PBXFileReference; explicitFileType = wrapper.cfbundle; includeInIndex = 0; path = LaperrrTests.xctest; sourceTree = BUILT_PRODUCTS_DIR; };
		A1DA354E25F0CF3800D3917D /* LaperrrTests.swift */ = {isa = PBXFileReference; lastKnownFileType = sourcecode.swift; path = LaperrrTests.swift; sourceTree = "<group>"; };
		A1DA355025F0CF3800D3917D /* Info.plist */ = {isa = PBXFileReference; lastKnownFileType = text.plist.xml; path = Info.plist; sourceTree = "<group>"; };
		A1DA355525F0CF3800D3917D /* LaperrrUITests.xctest */ = {isa = PBXFileReference; explicitFileType = wrapper.cfbundle; includeInIndex = 0; path = LaperrrUITests.xctest; sourceTree = BUILT_PRODUCTS_DIR; };
		A1DA355925F0CF3800D3917D /* LaperrrUITests.swift */ = {isa = PBXFileReference; lastKnownFileType = sourcecode.swift; path = LaperrrUITests.swift; sourceTree = "<group>"; };
		A1DA355B25F0CF3800D3917D /* Info.plist */ = {isa = PBXFileReference; lastKnownFileType = text.plist.xml; path = Info.plist; sourceTree = "<group>"; };
		A1DA357F25F0D31F00D3917D /* HomeTabBarViewController.swift */ = {isa = PBXFileReference; lastKnownFileType = sourcecode.swift; path = HomeTabBarViewController.swift; sourceTree = "<group>"; };
		A1DA371525F11E1B00D3917D /* FoodListViewController.swift */ = {isa = PBXFileReference; lastKnownFileType = sourcecode.swift; path = FoodListViewController.swift; sourceTree = "<group>"; };
		A1DA371625F11E1B00D3917D /* FoodListViewController.xib */ = {isa = PBXFileReference; lastKnownFileType = file.xib; path = FoodListViewController.xib; sourceTree = "<group>"; };
		A1DA372525F11ED300D3917D /* CategoriesViewController.swift */ = {isa = PBXFileReference; lastKnownFileType = sourcecode.swift; path = CategoriesViewController.swift; sourceTree = "<group>"; };
		A1DA372625F11ED300D3917D /* CategoriesViewController.xib */ = {isa = PBXFileReference; lastKnownFileType = file.xib; path = CategoriesViewController.xib; sourceTree = "<group>"; };
		A1DA372F25F11F4800D3917D /* HomeTabBarViewModel.swift */ = {isa = PBXFileReference; lastKnownFileType = sourcecode.swift; path = HomeTabBarViewModel.swift; sourceTree = "<group>"; };
		A1DA373525F11F6B00D3917D /* ViewModelProtocol.swift */ = {isa = PBXFileReference; lastKnownFileType = sourcecode.swift; path = ViewModelProtocol.swift; sourceTree = "<group>"; };
		A1DC995325F141F000DD0D1C /* FoodTableViewCell.swift */ = {isa = PBXFileReference; lastKnownFileType = sourcecode.swift; path = FoodTableViewCell.swift; sourceTree = "<group>"; };
		A1DC995425F141F000DD0D1C /* FoodTableViewCell.xib */ = {isa = PBXFileReference; lastKnownFileType = file.xib; path = FoodTableViewCell.xib; sourceTree = "<group>"; };
		A1DC995D25F143B700DD0D1C /* FoodListResponseWrapper.swift */ = {isa = PBXFileReference; lastKnownFileType = sourcecode.swift; path = FoodListResponseWrapper.swift; sourceTree = "<group>"; };
		A1DC996225F1451000DD0D1C /* FoodListNetworkProvider.swift */ = {isa = PBXFileReference; lastKnownFileType = sourcecode.swift; path = FoodListNetworkProvider.swift; sourceTree = "<group>"; };
		A1DC996725F1461400DD0D1C /* FoodListTarget.swift */ = {isa = PBXFileReference; lastKnownFileType = sourcecode.swift; path = FoodListTarget.swift; sourceTree = "<group>"; };
		A1DC996C25F147AF00DD0D1C /* FoodListViewModel.swift */ = {isa = PBXFileReference; lastKnownFileType = sourcecode.swift; path = FoodListViewModel.swift; sourceTree = "<group>"; };
		A1DC997225F1495E00DD0D1C /* ActivityIndicator.swift */ = {isa = PBXFileReference; fileEncoding = 4; lastKnownFileType = sourcecode.swift; path = ActivityIndicator.swift; sourceTree = "<group>"; };
		A1DC997725F1496300DD0D1C /* ErrorTracker.swift */ = {isa = PBXFileReference; fileEncoding = 4; lastKnownFileType = sourcecode.swift; path = ErrorTracker.swift; sourceTree = "<group>"; };
		A1DC997C25F14AF900DD0D1C /* ObservableType+Extension.swift */ = {isa = PBXFileReference; lastKnownFileType = sourcecode.swift; path = "ObservableType+Extension.swift"; sourceTree = "<group>"; };
		A1E949C425F4A5EB009B9D0F /* FoodCategoriesResponseWrapper.swift */ = {isa = PBXFileReference; lastKnownFileType = sourcecode.swift; path = FoodCategoriesResponseWrapper.swift; sourceTree = "<group>"; };
		A1E949C925F4A6E0009B9D0F /* CategoriesNetworkProvider.swift */ = {isa = PBXFileReference; lastKnownFileType = sourcecode.swift; path = CategoriesNetworkProvider.swift; sourceTree = "<group>"; };
		A1E949CE25F4A75E009B9D0F /* CategoryTarget.swift */ = {isa = PBXFileReference; lastKnownFileType = sourcecode.swift; path = CategoryTarget.swift; sourceTree = "<group>"; };
		A1F95F6925F4A947003F5F06 /* CategoriesViewModel.swift */ = {isa = PBXFileReference; lastKnownFileType = sourcecode.swift; path = CategoriesViewModel.swift; sourceTree = "<group>"; };
		A1F95F6F25F4AB2C003F5F06 /* CategoriesTableViewCell.swift */ = {isa = PBXFileReference; lastKnownFileType = sourcecode.swift; path = CategoriesTableViewCell.swift; sourceTree = "<group>"; };
		A1F95F7025F4AB2C003F5F06 /* CategoriesTableViewCell.xib */ = {isa = PBXFileReference; lastKnownFileType = file.xib; path = CategoriesTableViewCell.xib; sourceTree = "<group>"; };
		A1F95F7725F4ACE5003F5F06 /* CategoriesCollectionViewCell.swift */ = {isa = PBXFileReference; lastKnownFileType = sourcecode.swift; path = CategoriesCollectionViewCell.swift; sourceTree = "<group>"; };
		A1F95F7825F4ACE5003F5F06 /* CategoriesCollectionViewCell.xib */ = {isa = PBXFileReference; lastKnownFileType = file.xib; path = CategoriesCollectionViewCell.xib; sourceTree = "<group>"; };
		A1F95F8125F4B0D0003F5F06 /* CategoriesCollectionViewModel.swift */ = {isa = PBXFileReference; lastKnownFileType = sourcecode.swift; path = CategoriesCollectionViewModel.swift; sourceTree = "<group>"; };
		A9EC76485A54ABBE516510CF /* Pods-Laperrr-LaperrrUITests.debug.xcconfig */ = {isa = PBXFileReference; includeInIndex = 1; lastKnownFileType = text.xcconfig; name = "Pods-Laperrr-LaperrrUITests.debug.xcconfig"; path = "Target Support Files/Pods-Laperrr-LaperrrUITests/Pods-Laperrr-LaperrrUITests.debug.xcconfig"; sourceTree = "<group>"; };
		F5731696AAE27D122FD946BF /* Pods-LaperrrTests.debug.xcconfig */ = {isa = PBXFileReference; includeInIndex = 1; lastKnownFileType = text.xcconfig; name = "Pods-LaperrrTests.debug.xcconfig"; path = "Target Support Files/Pods-LaperrrTests/Pods-LaperrrTests.debug.xcconfig"; sourceTree = "<group>"; };
		F9037DFBB06624F9312808E5 /* Pods-Laperrr.release.xcconfig */ = {isa = PBXFileReference; includeInIndex = 1; lastKnownFileType = text.xcconfig; name = "Pods-Laperrr.release.xcconfig"; path = "Target Support Files/Pods-Laperrr/Pods-Laperrr.release.xcconfig"; sourceTree = "<group>"; };
/* End PBXFileReference section */

/* Begin PBXFrameworksBuildPhase section */
		A1DA352E25F0CF3600D3917D /* Frameworks */ = {
			isa = PBXFrameworksBuildPhase;
			buildActionMask = 2147483647;
			files = (
				12767CAD73ABA6895ED6D02C /* Pods_Laperrr.framework in Frameworks */,
			);
			runOnlyForDeploymentPostprocessing = 0;
		};
		A1DA354725F0CF3800D3917D /* Frameworks */ = {
			isa = PBXFrameworksBuildPhase;
			buildActionMask = 2147483647;
			files = (
				D0EE62962E65A3AF584BA19A /* Pods_LaperrrTests.framework in Frameworks */,
			);
			runOnlyForDeploymentPostprocessing = 0;
		};
		A1DA355225F0CF3800D3917D /* Frameworks */ = {
			isa = PBXFrameworksBuildPhase;
			buildActionMask = 2147483647;
			files = (
				03A2438AB0AE9B6DE91CC417 /* Pods_Laperrr_LaperrrUITests.framework in Frameworks */,
			);
			runOnlyForDeploymentPostprocessing = 0;
		};
/* End PBXFrameworksBuildPhase section */

/* Begin PBXGroup section */
		50CB8AF1CAEA17641FCCE55B /* Frameworks */ = {
			isa = PBXGroup;
			children = (
				2893E0DB9C53481A2FF791F3 /* Pods_Laperrr.framework */,
				A1269DDD0B9F0AB3A7F20F10 /* Pods_Laperrr_LaperrrUITests.framework */,
				959378AD9157508843019A8A /* Pods_LaperrrTests.framework */,
			);
			name = Frameworks;
			sourceTree = "<group>";
		};
		9A4422C6279A33006B8053AF /* Pods */ = {
			isa = PBXGroup;
			children = (
				89A4DA4A38ADF19F87940093 /* Pods-Laperrr.debug.xcconfig */,
				F9037DFBB06624F9312808E5 /* Pods-Laperrr.release.xcconfig */,
				A9EC76485A54ABBE516510CF /* Pods-Laperrr-LaperrrUITests.debug.xcconfig */,
				1D23802D704763FF08D7D47E /* Pods-Laperrr-LaperrrUITests.release.xcconfig */,
				F5731696AAE27D122FD946BF /* Pods-LaperrrTests.debug.xcconfig */,
				23CC1AB0F6093E65D6623B62 /* Pods-LaperrrTests.release.xcconfig */,
			);
			path = Pods;
			sourceTree = "<group>";
		};
		A160610425F1FBDD00345625 /* Profile */ = {
			isa = PBXGroup;
			children = (
				A160612925F246CD00345625 /* Model */,
				A160612325F245E300345625 /* View */,
				A160612225F245DF00345625 /* ViewModel */,
			);
			path = Profile;
			sourceTree = "<group>";
		};
		A160610F25F23F8600345625 /* ExperienceItemView */ = {
			isa = PBXGroup;
			children = (
				A160611325F23FB800345625 /* ExperienceItemView.swift */,
				A160611825F23FC700345625 /* ExperienceItemView.xib */,
			);
			path = ExperienceItemView;
			sourceTree = "<group>";
		};
		A160612225F245DF00345625 /* ViewModel */ = {
			isa = PBXGroup;
			children = (
				A160612425F2462A00345625 /* ProfileViewModel.swift */,
			);
			path = ViewModel;
			sourceTree = "<group>";
		};
		A160612325F245E300345625 /* View */ = {
			isa = PBXGroup;
			children = (
				A160613625F28BF000345625 /* SkillItemView */,
				A160610F25F23F8600345625 /* ExperienceItemView */,
				A160610525F1FBFD00345625 /* ProfileViewController.swift */,
				A160610625F1FBFD00345625 /* ProfileViewController.xib */,
			);
			path = View;
			sourceTree = "<group>";
		};
		A160612925F246CD00345625 /* Model */ = {
			isa = PBXGroup;
			children = (
				A160612B25F246F700345625 /* Profile.swift */,
			);
			path = Model;
			sourceTree = "<group>";
		};
		A160613625F28BF000345625 /* SkillItemView */ = {
			isa = PBXGroup;
			children = (
				A160614025F28CA200345625 /* SkillItemView.swift */,
				A160614525F28CB400345625 /* SkillItemView.xib */,
			);
			path = SkillItemView;
			sourceTree = "<group>";
		};
		A16061AE25F2923400345625 /* FoodDetail */ = {
			isa = PBXGroup;
			children = (
				A16061D625F294AF00345625 /* FoodDetailViewController.swift */,
				A16061D725F294AF00345625 /* FoodDetailViewController.xib */,
			);
			path = FoodDetail;
			sourceTree = "<group>";
		};
		A16061AF25F2923D00345625 /* FoodList */ = {
			isa = PBXGroup;
			children = (
				A1DC995225F141DA00DD0D1C /* TableViewCell */,
				A1DA371525F11E1B00D3917D /* FoodListViewController.swift */,
				A1DA371625F11E1B00D3917D /* FoodListViewController.xib */,
			);
			path = FoodList;
			sourceTree = "<group>";
		};
		A195684A25F12366004EB1C9 /* Singleton */ = {
			isa = PBXGroup;
			children = (
				A195687B25F12985004EB1C9 /* HomeTabBarViewControllerList.swift */,
			);
			path = Singleton;
			sourceTree = "<group>";
		};
		A195685625F1252A004EB1C9 /* Extensions */ = {
			isa = PBXGroup;
			children = (
				A195685725F12540004EB1C9 /* UIView+Extension.swift */,
				A1DC997C25F14AF900DD0D1C /* ObservableType+Extension.swift */,
				A160611D25F2457000345625 /* UIStackView+Extension.swift */,
				A160621825F29B2400345625 /* UIApplication+Extension.swift */,
			);
			path = Extensions;
			sourceTree = "<group>";
		};
		A1DA352825F0CF3600D3917D = {
			isa = PBXGroup;
			children = (
				A1DA353325F0CF3600D3917D /* Laperrr */,
				A1DA354D25F0CF3800D3917D /* LaperrrTests */,
				A1DA355825F0CF3800D3917D /* LaperrrUITests */,
				A1DA353225F0CF3600D3917D /* Products */,
				9A4422C6279A33006B8053AF /* Pods */,
				50CB8AF1CAEA17641FCCE55B /* Frameworks */,
			);
			sourceTree = "<group>";
		};
		A1DA353225F0CF3600D3917D /* Products */ = {
			isa = PBXGroup;
			children = (
				A1DA353125F0CF3600D3917D /* Laperrr.app */,
				A1DA354A25F0CF3800D3917D /* LaperrrTests.xctest */,
				A1DA355525F0CF3800D3917D /* LaperrrUITests.xctest */,
			);
			name = Products;
			sourceTree = "<group>";
		};
		A1DA353325F0CF3600D3917D /* Laperrr */ = {
			isa = PBXGroup;
			children = (
				A1DA357025F0D04C00D3917D /* Feature */,
				A1DA357525F0D07100D3917D /* Internal */,
				A1DA357625F0D08100D3917D /* Supporting Files */,
				A1DA353425F0CF3600D3917D /* AppDelegate.swift */,
				A1DA353625F0CF3600D3917D /* SceneDelegate.swift */,
				A1DA354525F0CF3700D3917D /* Info.plist */,
				A1DA353D25F0CF3600D3917D /* Laperrr.xcdatamodeld */,
			);
			path = Laperrr;
			sourceTree = "<group>";
		};
		A1DA354D25F0CF3800D3917D /* LaperrrTests */ = {
			isa = PBXGroup;
			children = (
				A1DA354E25F0CF3800D3917D /* LaperrrTests.swift */,
				A1DA355025F0CF3800D3917D /* Info.plist */,
			);
			path = LaperrrTests;
			sourceTree = "<group>";
		};
		A1DA355825F0CF3800D3917D /* LaperrrUITests */ = {
			isa = PBXGroup;
			children = (
				A1DA355925F0CF3800D3917D /* LaperrrUITests.swift */,
				A1DA355B25F0CF3800D3917D /* Info.plist */,
			);
			path = LaperrrUITests;
			sourceTree = "<group>";
		};
		A1DA357025F0D04C00D3917D /* Feature */ = {
			isa = PBXGroup;
			children = (
				A1DA371C25F11E3100D3917D /* Categories */,
				A1DA357A25F0D1FC00D3917D /* FoodList */,
				A1DA357425F0D06200D3917D /* Launch */,
				A160610425F1FBDD00345625 /* Profile */,
				A1DA357B25F0D2DF00D3917D /* TabBar */,
			);
			path = Feature;
			sourceTree = "<group>";
		};
		A1DA357425F0D06200D3917D /* Launch */ = {
			isa = PBXGroup;
			children = (
				A1DC994025F13ABF00DD0D1C /* View */,
			);
			path = Launch;
			sourceTree = "<group>";
		};
		A1DA357525F0D07100D3917D /* Internal */ = {
			isa = PBXGroup;
			children = (
				A1DC997125F1494500DD0D1C /* Tracker */,
				A195685625F1252A004EB1C9 /* Extensions */,
				A1DA373425F11F5C00D3917D /* Protocols */,
			);
			path = Internal;
			sourceTree = "<group>";
		};
		A1DA357625F0D08100D3917D /* Supporting Files */ = {
			isa = PBXGroup;
			children = (
				A1DA354025F0CF3700D3917D /* Assets.xcassets */,
			);
			path = "Supporting Files";
			sourceTree = "<group>";
		};
		A1DA357A25F0D1FC00D3917D /* FoodList */ = {
			isa = PBXGroup;
			children = (
				A1DA372025F11E7500D3917D /* API */,
				A1DA371F25F11E6B00D3917D /* Model */,
				A1DA371E25F11E6700D3917D /* View */,
				A1DA371D25F11E5900D3917D /* ViewModel */,
				A16061B625F292BC00345625 /* FoodListNavigator.swift */,
			);
			path = FoodList;
			sourceTree = "<group>";
		};
		A1DA357B25F0D2DF00D3917D /* TabBar */ = {
			isa = PBXGroup;
			children = (
				A1DA373D25F120F400D3917D /* Utils */,
				A1DA357E25F0D2FC00D3917D /* View */,
				A1DA357C25F0D2EA00D3917D /* ViewModel */,
			);
			path = TabBar;
			sourceTree = "<group>";
		};
		A1DA357C25F0D2EA00D3917D /* ViewModel */ = {
			isa = PBXGroup;
			children = (
				A1DA372F25F11F4800D3917D /* HomeTabBarViewModel.swift */,
			);
			path = ViewModel;
			sourceTree = "<group>";
		};
		A1DA357E25F0D2FC00D3917D /* View */ = {
			isa = PBXGroup;
			children = (
				A1DA357F25F0D31F00D3917D /* HomeTabBarViewController.swift */,
			);
			path = View;
			sourceTree = "<group>";
		};
		A1DA371C25F11E3100D3917D /* Categories */ = {
			isa = PBXGroup;
			children = (
				A1DA372425F11E9C00D3917D /* API */,
				A1DA372325F11E9900D3917D /* Model */,
				A1DA372225F11E9500D3917D /* View */,
				A1DA372125F11E8E00D3917D /* ViewModel */,
			);
			path = Categories;
			sourceTree = "<group>";
		};
		A1DA371D25F11E5900D3917D /* ViewModel */ = {
			isa = PBXGroup;
			children = (
				A1DC996C25F147AF00DD0D1C /* FoodListViewModel.swift */,
			);
			path = ViewModel;
			sourceTree = "<group>";
		};
		A1DA371E25F11E6700D3917D /* View */ = {
			isa = PBXGroup;
			children = (
				A16061AE25F2923400345625 /* FoodDetail */,
				A16061AF25F2923D00345625 /* FoodList */,
			);
			path = View;
			sourceTree = "<group>";
		};
		A1DA371F25F11E6B00D3917D /* Model */ = {
			isa = PBXGroup;
			children = (
				A1DC995D25F143B700DD0D1C /* FoodListResponseWrapper.swift */,
			);
			path = Model;
			sourceTree = "<group>";
		};
		A1DA372025F11E7500D3917D /* API */ = {
			isa = PBXGroup;
			children = (
				A1DC996225F1451000DD0D1C /* FoodListNetworkProvider.swift */,
				A1DC996725F1461400DD0D1C /* FoodListTarget.swift */,
			);
			path = API;
			sourceTree = "<group>";
		};
		A1DA372125F11E8E00D3917D /* ViewModel */ = {
			isa = PBXGroup;
			children = (
				A1F95F6925F4A947003F5F06 /* CategoriesViewModel.swift */,
				A1F95F8125F4B0D0003F5F06 /* CategoriesCollectionViewModel.swift */,
			);
			path = ViewModel;
			sourceTree = "<group>";
		};
		A1DA372225F11E9500D3917D /* View */ = {
			isa = PBXGroup;
			children = (
				A1F95F7625F4ACCF003F5F06 /* CollectionViewCell */,
				A1F95F6E25F4AB0E003F5F06 /* TableViewCell */,
				A1DA372525F11ED300D3917D /* CategoriesViewController.swift */,
				A1DA372625F11ED300D3917D /* CategoriesViewController.xib */,
			);
			path = View;
			sourceTree = "<group>";
		};
		A1DA372325F11E9900D3917D /* Model */ = {
			isa = PBXGroup;
			children = (
				A1E949C425F4A5EB009B9D0F /* FoodCategoriesResponseWrapper.swift */,
			);
			path = Model;
			sourceTree = "<group>";
		};
		A1DA372425F11E9C00D3917D /* API */ = {
			isa = PBXGroup;
			children = (
				A1E949C925F4A6E0009B9D0F /* CategoriesNetworkProvider.swift */,
				A1E949CE25F4A75E009B9D0F /* CategoryTarget.swift */,
			);
			path = API;
			sourceTree = "<group>";
		};
		A1DA373425F11F5C00D3917D /* Protocols */ = {
			isa = PBXGroup;
			children = (
				A1DA373525F11F6B00D3917D /* ViewModelProtocol.swift */,
			);
			path = Protocols;
			sourceTree = "<group>";
		};
		A1DA373D25F120F400D3917D /* Utils */ = {
			isa = PBXGroup;
			children = (
				A195684A25F12366004EB1C9 /* Singleton */,
			);
			path = Utils;
			sourceTree = "<group>";
		};
		A1DC994025F13ABF00DD0D1C /* View */ = {
			isa = PBXGroup;
			children = (
				A1DA354225F0CF3700D3917D /* LaunchScreen.storyboard */,
			);
			path = View;
			sourceTree = "<group>";
		};
		A1DC995225F141DA00DD0D1C /* TableViewCell */ = {
			isa = PBXGroup;
			children = (
				A1DC995325F141F000DD0D1C /* FoodTableViewCell.swift */,
				A1DC995425F141F000DD0D1C /* FoodTableViewCell.xib */,
			);
			path = TableViewCell;
			sourceTree = "<group>";
		};
		A1DC997125F1494500DD0D1C /* Tracker */ = {
			isa = PBXGroup;
			children = (
				A1DC997725F1496300DD0D1C /* ErrorTracker.swift */,
				A1DC997225F1495E00DD0D1C /* ActivityIndicator.swift */,
			);
			path = Tracker;
			sourceTree = "<group>";
		};
		A1F95F6E25F4AB0E003F5F06 /* TableViewCell */ = {
			isa = PBXGroup;
			children = (
				A1F95F6F25F4AB2C003F5F06 /* CategoriesTableViewCell.swift */,
				A1F95F7025F4AB2C003F5F06 /* CategoriesTableViewCell.xib */,
			);
			path = TableViewCell;
			sourceTree = "<group>";
		};
		A1F95F7625F4ACCF003F5F06 /* CollectionViewCell */ = {
			isa = PBXGroup;
			children = (
				A1F95F7725F4ACE5003F5F06 /* CategoriesCollectionViewCell.swift */,
				A1F95F7825F4ACE5003F5F06 /* CategoriesCollectionViewCell.xib */,
			);
			path = CollectionViewCell;
			sourceTree = "<group>";
		};
/* End PBXGroup section */

/* Begin PBXNativeTarget section */
		A1DA353025F0CF3600D3917D /* Laperrr */ = {
			isa = PBXNativeTarget;
			buildConfigurationList = A1DA355E25F0CF3800D3917D /* Build configuration list for PBXNativeTarget "Laperrr" */;
			buildPhases = (
				7CB879EA3A007C1EC2DA46B0 /* [CP] Check Pods Manifest.lock */,
				A1DA352D25F0CF3600D3917D /* Sources */,
				A1DA352E25F0CF3600D3917D /* Frameworks */,
				A1DA352F25F0CF3600D3917D /* Resources */,
				F9C101FAA70630F8E18AE6C8 /* [CP] Embed Pods Frameworks */,
			);
			buildRules = (
			);
			dependencies = (
			);
			name = Laperrr;
			productName = Laperrr;
			productReference = A1DA353125F0CF3600D3917D /* Laperrr.app */;
			productType = "com.apple.product-type.application";
		};
		A1DA354925F0CF3800D3917D /* LaperrrTests */ = {
			isa = PBXNativeTarget;
			buildConfigurationList = A1DA356125F0CF3800D3917D /* Build configuration list for PBXNativeTarget "LaperrrTests" */;
			buildPhases = (
				4972F74CBF2C768958D3D59E /* [CP] Check Pods Manifest.lock */,
				A1DA354625F0CF3800D3917D /* Sources */,
				A1DA354725F0CF3800D3917D /* Frameworks */,
				A1DA354825F0CF3800D3917D /* Resources */,
			);
			buildRules = (
			);
			dependencies = (
				A1DA354C25F0CF3800D3917D /* PBXTargetDependency */,
			);
			name = LaperrrTests;
			productName = LaperrrTests;
			productReference = A1DA354A25F0CF3800D3917D /* LaperrrTests.xctest */;
			productType = "com.apple.product-type.bundle.unit-test";
		};
		A1DA355425F0CF3800D3917D /* LaperrrUITests */ = {
			isa = PBXNativeTarget;
			buildConfigurationList = A1DA356425F0CF3800D3917D /* Build configuration list for PBXNativeTarget "LaperrrUITests" */;
			buildPhases = (
				A94E57E75F4B72EC9A9EB7B5 /* [CP] Check Pods Manifest.lock */,
				A1DA355125F0CF3800D3917D /* Sources */,
				A1DA355225F0CF3800D3917D /* Frameworks */,
				A1DA355325F0CF3800D3917D /* Resources */,
				E186E373385F2C1FB9E7644F /* [CP] Embed Pods Frameworks */,
			);
			buildRules = (
			);
			dependencies = (
				A1DA355725F0CF3800D3917D /* PBXTargetDependency */,
			);
			name = LaperrrUITests;
			productName = LaperrrUITests;
			productReference = A1DA355525F0CF3800D3917D /* LaperrrUITests.xctest */;
			productType = "com.apple.product-type.bundle.ui-testing";
		};
/* End PBXNativeTarget section */

/* Begin PBXProject section */
		A1DA352925F0CF3600D3917D /* Project object */ = {
			isa = PBXProject;
			attributes = {
				LastSwiftUpdateCheck = 1210;
				LastUpgradeCheck = 1210;
				TargetAttributes = {
					A1DA353025F0CF3600D3917D = {
						CreatedOnToolsVersion = 12.1;
					};
					A1DA354925F0CF3800D3917D = {
						CreatedOnToolsVersion = 12.1;
						TestTargetID = A1DA353025F0CF3600D3917D;
					};
					A1DA355425F0CF3800D3917D = {
						CreatedOnToolsVersion = 12.1;
						TestTargetID = A1DA353025F0CF3600D3917D;
					};
				};
			};
			buildConfigurationList = A1DA352C25F0CF3600D3917D /* Build configuration list for PBXProject "Laperrr" */;
			compatibilityVersion = "Xcode 9.3";
			developmentRegion = en;
			hasScannedForEncodings = 0;
			knownRegions = (
				en,
				Base,
			);
			mainGroup = A1DA352825F0CF3600D3917D;
			productRefGroup = A1DA353225F0CF3600D3917D /* Products */;
			projectDirPath = "";
			projectRoot = "";
			targets = (
				A1DA353025F0CF3600D3917D /* Laperrr */,
				A1DA354925F0CF3800D3917D /* LaperrrTests */,
				A1DA355425F0CF3800D3917D /* LaperrrUITests */,
			);
		};
/* End PBXProject section */

/* Begin PBXResourcesBuildPhase section */
		A1DA352F25F0CF3600D3917D /* Resources */ = {
			isa = PBXResourcesBuildPhase;
			buildActionMask = 2147483647;
			files = (
				A160610825F1FBFD00345625 /* ProfileViewController.xib in Resources */,
				A1DA354425F0CF3700D3917D /* LaunchScreen.storyboard in Resources */,
				A1DA354125F0CF3700D3917D /* Assets.xcassets in Resources */,
				A16061D925F294AF00345625 /* FoodDetailViewController.xib in Resources */,
				A160614625F28CB400345625 /* SkillItemView.xib in Resources */,
				A1DA372825F11ED300D3917D /* CategoriesViewController.xib in Resources */,
				A1DC995625F141F000DD0D1C /* FoodTableViewCell.xib in Resources */,
				A1F95F7225F4AB2C003F5F06 /* CategoriesTableViewCell.xib in Resources */,
				A1DA371825F11E1B00D3917D /* FoodListViewController.xib in Resources */,
				A1F95F7A25F4ACE5003F5F06 /* CategoriesCollectionViewCell.xib in Resources */,
				A160611925F23FC700345625 /* ExperienceItemView.xib in Resources */,
			);
			runOnlyForDeploymentPostprocessing = 0;
		};
		A1DA354825F0CF3800D3917D /* Resources */ = {
			isa = PBXResourcesBuildPhase;
			buildActionMask = 2147483647;
			files = (
			);
			runOnlyForDeploymentPostprocessing = 0;
		};
		A1DA355325F0CF3800D3917D /* Resources */ = {
			isa = PBXResourcesBuildPhase;
			buildActionMask = 2147483647;
			files = (
			);
			runOnlyForDeploymentPostprocessing = 0;
		};
/* End PBXResourcesBuildPhase section */

/* Begin PBXShellScriptBuildPhase section */
		4972F74CBF2C768958D3D59E /* [CP] Check Pods Manifest.lock */ = {
			isa = PBXShellScriptBuildPhase;
			buildActionMask = 2147483647;
			files = (
			);
			inputFileListPaths = (
			);
			inputPaths = (
				"${PODS_PODFILE_DIR_PATH}/Podfile.lock",
				"${PODS_ROOT}/Manifest.lock",
			);
			name = "[CP] Check Pods Manifest.lock";
			outputFileListPaths = (
			);
			outputPaths = (
				"$(DERIVED_FILE_DIR)/Pods-LaperrrTests-checkManifestLockResult.txt",
			);
			runOnlyForDeploymentPostprocessing = 0;
			shellPath = /bin/sh;
			shellScript = "diff \"${PODS_PODFILE_DIR_PATH}/Podfile.lock\" \"${PODS_ROOT}/Manifest.lock\" > /dev/null\nif [ $? != 0 ] ; then\n    # print error to STDERR\n    echo \"error: The sandbox is not in sync with the Podfile.lock. Run 'pod install' or update your CocoaPods installation.\" >&2\n    exit 1\nfi\n# This output is used by Xcode 'outputs' to avoid re-running this script phase.\necho \"SUCCESS\" > \"${SCRIPT_OUTPUT_FILE_0}\"\n";
			showEnvVarsInLog = 0;
		};
		7CB879EA3A007C1EC2DA46B0 /* [CP] Check Pods Manifest.lock */ = {
			isa = PBXShellScriptBuildPhase;
			buildActionMask = 2147483647;
			files = (
			);
			inputFileListPaths = (
			);
			inputPaths = (
				"${PODS_PODFILE_DIR_PATH}/Podfile.lock",
				"${PODS_ROOT}/Manifest.lock",
			);
			name = "[CP] Check Pods Manifest.lock";
			outputFileListPaths = (
			);
			outputPaths = (
				"$(DERIVED_FILE_DIR)/Pods-Laperrr-checkManifestLockResult.txt",
			);
			runOnlyForDeploymentPostprocessing = 0;
			shellPath = /bin/sh;
			shellScript = "diff \"${PODS_PODFILE_DIR_PATH}/Podfile.lock\" \"${PODS_ROOT}/Manifest.lock\" > /dev/null\nif [ $? != 0 ] ; then\n    # print error to STDERR\n    echo \"error: The sandbox is not in sync with the Podfile.lock. Run 'pod install' or update your CocoaPods installation.\" >&2\n    exit 1\nfi\n# This output is used by Xcode 'outputs' to avoid re-running this script phase.\necho \"SUCCESS\" > \"${SCRIPT_OUTPUT_FILE_0}\"\n";
			showEnvVarsInLog = 0;
		};
		A94E57E75F4B72EC9A9EB7B5 /* [CP] Check Pods Manifest.lock */ = {
			isa = PBXShellScriptBuildPhase;
			buildActionMask = 2147483647;
			files = (
			);
			inputFileListPaths = (
			);
			inputPaths = (
				"${PODS_PODFILE_DIR_PATH}/Podfile.lock",
				"${PODS_ROOT}/Manifest.lock",
			);
			name = "[CP] Check Pods Manifest.lock";
			outputFileListPaths = (
			);
			outputPaths = (
				"$(DERIVED_FILE_DIR)/Pods-Laperrr-LaperrrUITests-checkManifestLockResult.txt",
			);
			runOnlyForDeploymentPostprocessing = 0;
			shellPath = /bin/sh;
			shellScript = "diff \"${PODS_PODFILE_DIR_PATH}/Podfile.lock\" \"${PODS_ROOT}/Manifest.lock\" > /dev/null\nif [ $? != 0 ] ; then\n    # print error to STDERR\n    echo \"error: The sandbox is not in sync with the Podfile.lock. Run 'pod install' or update your CocoaPods installation.\" >&2\n    exit 1\nfi\n# This output is used by Xcode 'outputs' to avoid re-running this script phase.\necho \"SUCCESS\" > \"${SCRIPT_OUTPUT_FILE_0}\"\n";
			showEnvVarsInLog = 0;
		};
		E186E373385F2C1FB9E7644F /* [CP] Embed Pods Frameworks */ = {
			isa = PBXShellScriptBuildPhase;
			buildActionMask = 2147483647;
			files = (
			);
			inputFileListPaths = (
				"${PODS_ROOT}/Target Support Files/Pods-Laperrr-LaperrrUITests/Pods-Laperrr-LaperrrUITests-frameworks-${CONFIGURATION}-input-files.xcfilelist",
			);
			name = "[CP] Embed Pods Frameworks";
			outputFileListPaths = (
				"${PODS_ROOT}/Target Support Files/Pods-Laperrr-LaperrrUITests/Pods-Laperrr-LaperrrUITests-frameworks-${CONFIGURATION}-output-files.xcfilelist",
			);
			runOnlyForDeploymentPostprocessing = 0;
			shellPath = /bin/sh;
			shellScript = "\"${PODS_ROOT}/Target Support Files/Pods-Laperrr-LaperrrUITests/Pods-Laperrr-LaperrrUITests-frameworks.sh\"\n";
			showEnvVarsInLog = 0;
		};
		F9C101FAA70630F8E18AE6C8 /* [CP] Embed Pods Frameworks */ = {
			isa = PBXShellScriptBuildPhase;
			buildActionMask = 2147483647;
			files = (
			);
			inputFileListPaths = (
				"${PODS_ROOT}/Target Support Files/Pods-Laperrr/Pods-Laperrr-frameworks-${CONFIGURATION}-input-files.xcfilelist",
			);
			name = "[CP] Embed Pods Frameworks";
			outputFileListPaths = (
				"${PODS_ROOT}/Target Support Files/Pods-Laperrr/Pods-Laperrr-frameworks-${CONFIGURATION}-output-files.xcfilelist",
			);
			runOnlyForDeploymentPostprocessing = 0;
			shellPath = /bin/sh;
			shellScript = "\"${PODS_ROOT}/Target Support Files/Pods-Laperrr/Pods-Laperrr-frameworks.sh\"\n";
			showEnvVarsInLog = 0;
		};
/* End PBXShellScriptBuildPhase section */

/* Begin PBXSourcesBuildPhase section */
		A1DA352D25F0CF3600D3917D /* Sources */ = {
			isa = PBXSourcesBuildPhase;
			buildActionMask = 2147483647;
			files = (
				A1DA373625F11F6B00D3917D /* ViewModelProtocol.swift in Sources */,
				A1F95F7125F4AB2C003F5F06 /* CategoriesTableViewCell.swift in Sources */,
				A16061D825F294AF00345625 /* FoodDetailViewController.swift in Sources */,
				A16061B725F292BC00345625 /* FoodListNavigator.swift in Sources */,
				A1DC996825F1461400DD0D1C /* FoodListTarget.swift in Sources */,
				A1F95F6A25F4A947003F5F06 /* CategoriesViewModel.swift in Sources */,
				A160621925F29B2400345625 /* UIApplication+Extension.swift in Sources */,
				A1E949CA25F4A6E0009B9D0F /* CategoriesNetworkProvider.swift in Sources */,
				A1DC995E25F143B700DD0D1C /* FoodListResponseWrapper.swift in Sources */,
				A1DA371725F11E1B00D3917D /* FoodListViewController.swift in Sources */,
				A1F95F8225F4B0D0003F5F06 /* CategoriesCollectionViewModel.swift in Sources */,
				A1DA353F25F0CF3600D3917D /* Laperrr.xcdatamodeld in Sources */,
				A1DA372725F11ED300D3917D /* CategoriesViewController.swift in Sources */,
				A1DC997825F1496300DD0D1C /* ErrorTracker.swift in Sources */,
				A1DC997D25F14AF900DD0D1C /* ObservableType+Extension.swift in Sources */,
				A160611E25F2457000345625 /* UIStackView+Extension.swift in Sources */,
				A1E949C525F4A5EB009B9D0F /* FoodCategoriesResponseWrapper.swift in Sources */,
				A1E949CF25F4A75E009B9D0F /* CategoryTarget.swift in Sources */,
				A1DA353525F0CF3600D3917D /* AppDelegate.swift in Sources */,
				A160610725F1FBFD00345625 /* ProfileViewController.swift in Sources */,
				A1DC996325F1451000DD0D1C /* FoodListNetworkProvider.swift in Sources */,
				A160611425F23FB800345625 /* ExperienceItemView.swift in Sources */,
				A1DC995525F141F000DD0D1C /* FoodTableViewCell.swift in Sources */,
				A1DA353725F0CF3600D3917D /* SceneDelegate.swift in Sources */,
				A160614125F28CA200345625 /* SkillItemView.swift in Sources */,
				A1DA358025F0D31F00D3917D /* HomeTabBarViewController.swift in Sources */,
				A195685825F12540004EB1C9 /* UIView+Extension.swift in Sources */,
				A1DC997325F1495E00DD0D1C /* ActivityIndicator.swift in Sources */,
				A160612525F2462A00345625 /* ProfileViewModel.swift in Sources */,
				A160612C25F246F700345625 /* Profile.swift in Sources */,
				A1DA373025F11F4800D3917D /* HomeTabBarViewModel.swift in Sources */,
				A1F95F7925F4ACE5003F5F06 /* CategoriesCollectionViewCell.swift in Sources */,
				A1DC996D25F147AF00DD0D1C /* FoodListViewModel.swift in Sources */,
				A195687C25F12985004EB1C9 /* HomeTabBarViewControllerList.swift in Sources */,
			);
			runOnlyForDeploymentPostprocessing = 0;
		};
		A1DA354625F0CF3800D3917D /* Sources */ = {
			isa = PBXSourcesBuildPhase;
			buildActionMask = 2147483647;
			files = (
				A1DA354F25F0CF3800D3917D /* LaperrrTests.swift in Sources */,
			);
			runOnlyForDeploymentPostprocessing = 0;
		};
		A1DA355125F0CF3800D3917D /* Sources */ = {
			isa = PBXSourcesBuildPhase;
			buildActionMask = 2147483647;
			files = (
				A1DA355A25F0CF3800D3917D /* LaperrrUITests.swift in Sources */,
			);
			runOnlyForDeploymentPostprocessing = 0;
		};
/* End PBXSourcesBuildPhase section */

/* Begin PBXTargetDependency section */
		A1DA354C25F0CF3800D3917D /* PBXTargetDependency */ = {
			isa = PBXTargetDependency;
			target = A1DA353025F0CF3600D3917D /* Laperrr */;
			targetProxy = A1DA354B25F0CF3800D3917D /* PBXContainerItemProxy */;
		};
		A1DA355725F0CF3800D3917D /* PBXTargetDependency */ = {
			isa = PBXTargetDependency;
			target = A1DA353025F0CF3600D3917D /* Laperrr */;
			targetProxy = A1DA355625F0CF3800D3917D /* PBXContainerItemProxy */;
		};
/* End PBXTargetDependency section */

/* Begin PBXVariantGroup section */
		A1DA354225F0CF3700D3917D /* LaunchScreen.storyboard */ = {
			isa = PBXVariantGroup;
			children = (
				A1DA354325F0CF3700D3917D /* Base */,
			);
			name = LaunchScreen.storyboard;
			sourceTree = "<group>";
		};
/* End PBXVariantGroup section */

/* Begin XCBuildConfiguration section */
		A1DA355C25F0CF3800D3917D /* Debug */ = {
			isa = XCBuildConfiguration;
			buildSettings = {
				ALWAYS_SEARCH_USER_PATHS = NO;
				CLANG_ANALYZER_NONNULL = YES;
				CLANG_ANALYZER_NUMBER_OBJECT_CONVERSION = YES_AGGRESSIVE;
				CLANG_CXX_LANGUAGE_STANDARD = "gnu++14";
				CLANG_CXX_LIBRARY = "libc++";
				CLANG_ENABLE_MODULES = YES;
				CLANG_ENABLE_OBJC_ARC = YES;
				CLANG_ENABLE_OBJC_WEAK = YES;
				CLANG_WARN_BLOCK_CAPTURE_AUTORELEASING = YES;
				CLANG_WARN_BOOL_CONVERSION = YES;
				CLANG_WARN_COMMA = YES;
				CLANG_WARN_CONSTANT_CONVERSION = YES;
				CLANG_WARN_DEPRECATED_OBJC_IMPLEMENTATIONS = YES;
				CLANG_WARN_DIRECT_OBJC_ISA_USAGE = YES_ERROR;
				CLANG_WARN_DOCUMENTATION_COMMENTS = YES;
				CLANG_WARN_EMPTY_BODY = YES;
				CLANG_WARN_ENUM_CONVERSION = YES;
				CLANG_WARN_INFINITE_RECURSION = YES;
				CLANG_WARN_INT_CONVERSION = YES;
				CLANG_WARN_NON_LITERAL_NULL_CONVERSION = YES;
				CLANG_WARN_OBJC_IMPLICIT_RETAIN_SELF = YES;
				CLANG_WARN_OBJC_LITERAL_CONVERSION = YES;
				CLANG_WARN_OBJC_ROOT_CLASS = YES_ERROR;
				CLANG_WARN_QUOTED_INCLUDE_IN_FRAMEWORK_HEADER = YES;
				CLANG_WARN_RANGE_LOOP_ANALYSIS = YES;
				CLANG_WARN_STRICT_PROTOTYPES = YES;
				CLANG_WARN_SUSPICIOUS_MOVE = YES;
				CLANG_WARN_UNGUARDED_AVAILABILITY = YES_AGGRESSIVE;
				CLANG_WARN_UNREACHABLE_CODE = YES;
				CLANG_WARN__DUPLICATE_METHOD_MATCH = YES;
				COPY_PHASE_STRIP = NO;
				DEBUG_INFORMATION_FORMAT = dwarf;
				ENABLE_STRICT_OBJC_MSGSEND = YES;
				ENABLE_TESTABILITY = YES;
				GCC_C_LANGUAGE_STANDARD = gnu11;
				GCC_DYNAMIC_NO_PIC = NO;
				GCC_NO_COMMON_BLOCKS = YES;
				GCC_OPTIMIZATION_LEVEL = 0;
				GCC_PREPROCESSOR_DEFINITIONS = (
					"DEBUG=1",
					"$(inherited)",
				);
				GCC_WARN_64_TO_32_BIT_CONVERSION = YES;
				GCC_WARN_ABOUT_RETURN_TYPE = YES_ERROR;
				GCC_WARN_UNDECLARED_SELECTOR = YES;
				GCC_WARN_UNINITIALIZED_AUTOS = YES_AGGRESSIVE;
				GCC_WARN_UNUSED_FUNCTION = YES;
				GCC_WARN_UNUSED_VARIABLE = YES;
				IPHONEOS_DEPLOYMENT_TARGET = 14.1;
				MTL_ENABLE_DEBUG_INFO = INCLUDE_SOURCE;
				MTL_FAST_MATH = YES;
				ONLY_ACTIVE_ARCH = YES;
				SDKROOT = iphoneos;
				SWIFT_ACTIVE_COMPILATION_CONDITIONS = DEBUG;
				SWIFT_OPTIMIZATION_LEVEL = "-Onone";
			};
			name = Debug;
		};
		A1DA355D25F0CF3800D3917D /* Release */ = {
			isa = XCBuildConfiguration;
			buildSettings = {
				ALWAYS_SEARCH_USER_PATHS = NO;
				CLANG_ANALYZER_NONNULL = YES;
				CLANG_ANALYZER_NUMBER_OBJECT_CONVERSION = YES_AGGRESSIVE;
				CLANG_CXX_LANGUAGE_STANDARD = "gnu++14";
				CLANG_CXX_LIBRARY = "libc++";
				CLANG_ENABLE_MODULES = YES;
				CLANG_ENABLE_OBJC_ARC = YES;
				CLANG_ENABLE_OBJC_WEAK = YES;
				CLANG_WARN_BLOCK_CAPTURE_AUTORELEASING = YES;
				CLANG_WARN_BOOL_CONVERSION = YES;
				CLANG_WARN_COMMA = YES;
				CLANG_WARN_CONSTANT_CONVERSION = YES;
				CLANG_WARN_DEPRECATED_OBJC_IMPLEMENTATIONS = YES;
				CLANG_WARN_DIRECT_OBJC_ISA_USAGE = YES_ERROR;
				CLANG_WARN_DOCUMENTATION_COMMENTS = YES;
				CLANG_WARN_EMPTY_BODY = YES;
				CLANG_WARN_ENUM_CONVERSION = YES;
				CLANG_WARN_INFINITE_RECURSION = YES;
				CLANG_WARN_INT_CONVERSION = YES;
				CLANG_WARN_NON_LITERAL_NULL_CONVERSION = YES;
				CLANG_WARN_OBJC_IMPLICIT_RETAIN_SELF = YES;
				CLANG_WARN_OBJC_LITERAL_CONVERSION = YES;
				CLANG_WARN_OBJC_ROOT_CLASS = YES_ERROR;
				CLANG_WARN_QUOTED_INCLUDE_IN_FRAMEWORK_HEADER = YES;
				CLANG_WARN_RANGE_LOOP_ANALYSIS = YES;
				CLANG_WARN_STRICT_PROTOTYPES = YES;
				CLANG_WARN_SUSPICIOUS_MOVE = YES;
				CLANG_WARN_UNGUARDED_AVAILABILITY = YES_AGGRESSIVE;
				CLANG_WARN_UNREACHABLE_CODE = YES;
				CLANG_WARN__DUPLICATE_METHOD_MATCH = YES;
				COPY_PHASE_STRIP = NO;
				DEBUG_INFORMATION_FORMAT = "dwarf-with-dsym";
				ENABLE_NS_ASSERTIONS = NO;
				ENABLE_STRICT_OBJC_MSGSEND = YES;
				GCC_C_LANGUAGE_STANDARD = gnu11;
				GCC_NO_COMMON_BLOCKS = YES;
				GCC_WARN_64_TO_32_BIT_CONVERSION = YES;
				GCC_WARN_ABOUT_RETURN_TYPE = YES_ERROR;
				GCC_WARN_UNDECLARED_SELECTOR = YES;
				GCC_WARN_UNINITIALIZED_AUTOS = YES_AGGRESSIVE;
				GCC_WARN_UNUSED_FUNCTION = YES;
				GCC_WARN_UNUSED_VARIABLE = YES;
				IPHONEOS_DEPLOYMENT_TARGET = 14.1;
				MTL_ENABLE_DEBUG_INFO = NO;
				MTL_FAST_MATH = YES;
				SDKROOT = iphoneos;
				SWIFT_COMPILATION_MODE = wholemodule;
				SWIFT_OPTIMIZATION_LEVEL = "-O";
				VALIDATE_PRODUCT = YES;
			};
			name = Release;
		};
		A1DA355F25F0CF3800D3917D /* Debug */ = {
			isa = XCBuildConfiguration;
			baseConfigurationReference = 89A4DA4A38ADF19F87940093 /* Pods-Laperrr.debug.xcconfig */;
			buildSettings = {
				ASSETCATALOG_COMPILER_APPICON_NAME = AppIcon;
				ASSETCATALOG_COMPILER_GLOBAL_ACCENT_COLOR_NAME = AccentColor;
				CODE_SIGN_STYLE = Automatic;
				DEVELOPMENT_TEAM = KFYJQYMB2X;
				INFOPLIST_FILE = Laperrr/Info.plist;
				IPHONEOS_DEPLOYMENT_TARGET = 13.0;
				LD_RUNPATH_SEARCH_PATHS = (
					"$(inherited)",
					"@executable_path/Frameworks",
				);
				PRODUCT_BUNDLE_IDENTIFIER = com.Philip.Prayitno.Laperrr;
				PRODUCT_NAME = "$(TARGET_NAME)";
				SWIFT_VERSION = 5.0;
				TARGETED_DEVICE_FAMILY = 1;
			};
			name = Debug;
		};
		A1DA356025F0CF3800D3917D /* Release */ = {
			isa = XCBuildConfiguration;
			baseConfigurationReference = F9037DFBB06624F9312808E5 /* Pods-Laperrr.release.xcconfig */;
			buildSettings = {
				ASSETCATALOG_COMPILER_APPICON_NAME = AppIcon;
				ASSETCATALOG_COMPILER_GLOBAL_ACCENT_COLOR_NAME = AccentColor;
				CODE_SIGN_STYLE = Automatic;
				DEVELOPMENT_TEAM = KFYJQYMB2X;
				INFOPLIST_FILE = Laperrr/Info.plist;
				IPHONEOS_DEPLOYMENT_TARGET = 13.0;
				LD_RUNPATH_SEARCH_PATHS = (
					"$(inherited)",
					"@executable_path/Frameworks",
				);
				PRODUCT_BUNDLE_IDENTIFIER = com.Philip.Prayitno.Laperrr;
				PRODUCT_NAME = "$(TARGET_NAME)";
				SWIFT_VERSION = 5.0;
				TARGETED_DEVICE_FAMILY = 1;
			};
			name = Release;
		};
		A1DA356225F0CF3800D3917D /* Debug */ = {
			isa = XCBuildConfiguration;
			baseConfigurationReference = F5731696AAE27D122FD946BF /* Pods-LaperrrTests.debug.xcconfig */;
			buildSettings = {
				ALWAYS_EMBED_SWIFT_STANDARD_LIBRARIES = YES;
				BUNDLE_LOADER = "$(TEST_HOST)";
				CODE_SIGN_STYLE = Automatic;
				DEVELOPMENT_TEAM = KFYJQYMB2X;
				INFOPLIST_FILE = LaperrrTests/Info.plist;
				IPHONEOS_DEPLOYMENT_TARGET = 14.1;
				LD_RUNPATH_SEARCH_PATHS = (
					"$(inherited)",
					"@executable_path/Frameworks",
					"@loader_path/Frameworks",
				);
				PRODUCT_BUNDLE_IDENTIFIER = com.Philip.Prayitno.LaperrrTests;
				PRODUCT_NAME = "$(TARGET_NAME)";
				SWIFT_VERSION = 5.0;
				TARGETED_DEVICE_FAMILY = "1,2";
				TEST_HOST = "$(BUILT_PRODUCTS_DIR)/Laperrr.app/Laperrr";
			};
			name = Debug;
		};
		A1DA356325F0CF3800D3917D /* Release */ = {
			isa = XCBuildConfiguration;
			baseConfigurationReference = 23CC1AB0F6093E65D6623B62 /* Pods-LaperrrTests.release.xcconfig */;
			buildSettings = {
				ALWAYS_EMBED_SWIFT_STANDARD_LIBRARIES = YES;
				BUNDLE_LOADER = "$(TEST_HOST)";
				CODE_SIGN_STYLE = Automatic;
				DEVELOPMENT_TEAM = KFYJQYMB2X;
				INFOPLIST_FILE = LaperrrTests/Info.plist;
				IPHONEOS_DEPLOYMENT_TARGET = 14.1;
				LD_RUNPATH_SEARCH_PATHS = (
					"$(inherited)",
					"@executable_path/Frameworks",
					"@loader_path/Frameworks",
				);
				PRODUCT_BUNDLE_IDENTIFIER = com.Philip.Prayitno.LaperrrTests;
				PRODUCT_NAME = "$(TARGET_NAME)";
				SWIFT_VERSION = 5.0;
				TARGETED_DEVICE_FAMILY = "1,2";
				TEST_HOST = "$(BUILT_PRODUCTS_DIR)/Laperrr.app/Laperrr";
			};
			name = Release;
		};
		A1DA356525F0CF3800D3917D /* Debug */ = {
			isa = XCBuildConfiguration;
			baseConfigurationReference = A9EC76485A54ABBE516510CF /* Pods-Laperrr-LaperrrUITests.debug.xcconfig */;
			buildSettings = {
				ALWAYS_EMBED_SWIFT_STANDARD_LIBRARIES = YES;
				CODE_SIGN_STYLE = Automatic;
				DEVELOPMENT_TEAM = KFYJQYMB2X;
				INFOPLIST_FILE = LaperrrUITests/Info.plist;
				LD_RUNPATH_SEARCH_PATHS = (
					"$(inherited)",
					"@executable_path/Frameworks",
					"@loader_path/Frameworks",
				);
				PRODUCT_BUNDLE_IDENTIFIER = com.Philip.Prayitno.LaperrrUITests;
				PRODUCT_NAME = "$(TARGET_NAME)";
				SWIFT_VERSION = 5.0;
				TARGETED_DEVICE_FAMILY = "1,2";
				TEST_TARGET_NAME = Laperrr;
			};
			name = Debug;
		};
		A1DA356625F0CF3800D3917D /* Release */ = {
			isa = XCBuildConfiguration;
			baseConfigurationReference = 1D23802D704763FF08D7D47E /* Pods-Laperrr-LaperrrUITests.release.xcconfig */;
			buildSettings = {
				ALWAYS_EMBED_SWIFT_STANDARD_LIBRARIES = YES;
				CODE_SIGN_STYLE = Automatic;
				DEVELOPMENT_TEAM = KFYJQYMB2X;
				INFOPLIST_FILE = LaperrrUITests/Info.plist;
				LD_RUNPATH_SEARCH_PATHS = (
					"$(inherited)",
					"@executable_path/Frameworks",
					"@loader_path/Frameworks",
				);
				PRODUCT_BUNDLE_IDENTIFIER = com.Philip.Prayitno.LaperrrUITests;
				PRODUCT_NAME = "$(TARGET_NAME)";
				SWIFT_VERSION = 5.0;
				TARGETED_DEVICE_FAMILY = "1,2";
				TEST_TARGET_NAME = Laperrr;
			};
			name = Release;
		};
/* End XCBuildConfiguration section */

/* Begin XCConfigurationList section */
		A1DA352C25F0CF3600D3917D /* Build configuration list for PBXProject "Laperrr" */ = {
			isa = XCConfigurationList;
			buildConfigurations = (
				A1DA355C25F0CF3800D3917D /* Debug */,
				A1DA355D25F0CF3800D3917D /* Release */,
			);
			defaultConfigurationIsVisible = 0;
			defaultConfigurationName = Release;
		};
		A1DA355E25F0CF3800D3917D /* Build configuration list for PBXNativeTarget "Laperrr" */ = {
			isa = XCConfigurationList;
			buildConfigurations = (
				A1DA355F25F0CF3800D3917D /* Debug */,
				A1DA356025F0CF3800D3917D /* Release */,
			);
			defaultConfigurationIsVisible = 0;
			defaultConfigurationName = Release;
		};
		A1DA356125F0CF3800D3917D /* Build configuration list for PBXNativeTarget "LaperrrTests" */ = {
			isa = XCConfigurationList;
			buildConfigurations = (
				A1DA356225F0CF3800D3917D /* Debug */,
				A1DA356325F0CF3800D3917D /* Release */,
			);
			defaultConfigurationIsVisible = 0;
			defaultConfigurationName = Release;
		};
		A1DA356425F0CF3800D3917D /* Build configuration list for PBXNativeTarget "LaperrrUITests" */ = {
			isa = XCConfigurationList;
			buildConfigurations = (
				A1DA356525F0CF3800D3917D /* Debug */,
				A1DA356625F0CF3800D3917D /* Release */,
			);
			defaultConfigurationIsVisible = 0;
			defaultConfigurationName = Release;
		};
/* End XCConfigurationList section */

/* Begin XCVersionGroup section */
		A1DA353D25F0CF3600D3917D /* Laperrr.xcdatamodeld */ = {
			isa = XCVersionGroup;
			children = (
				A1DA353E25F0CF3600D3917D /* Laperrr.xcdatamodel */,
			);
			currentVersion = A1DA353E25F0CF3600D3917D /* Laperrr.xcdatamodel */;
			path = Laperrr.xcdatamodeld;
			sourceTree = "<group>";
			versionGroupType = wrapper.xcdatamodel;
		};
/* End XCVersionGroup section */
	};
	rootObject = A1DA352925F0CF3600D3917D /* Project object */;
}
